
Microsoft Visual Studio Solution File, Format Version 12.00
# Visual Studio Version 16
VisualStudioVersion = 16.0.31515.178
MinimumVisualStudioVersion = 10.0.40219.1
Project("{9A19103F-16F7-4668-BE54-9A1E7A4F7556}") = "Algorithms", "C-Sharp\Algorithms.csproj", "{B3912216-3559-4996-BB5C-C3808530CD7C}"
EndProject
Project("{FAE04EC0-301F-11D3-BF4B-00C04F79EFBC}") = "Algorithms.Tests", "Algorithms.Tests\Algorithms.Tests.csproj", "{C4270A4F-AAA8-4961-83BA-4940A3E0422E}"
EndProject
Global
	GlobalSection(SolutionConfigurationPlatforms) = preSolution
		Debug|Any CPU = Debug|Any CPU
		Release|Any CPU = Release|Any CPU
	EndGlobalSection
	GlobalSection(ProjectConfigurationPlatforms) = postSolution
		{B3912216-3559-4996-BB5C-C3808530CD7C}.Debug|Any CPU.ActiveCfg = Debug|Any CPU
		{B3912216-3559-4996-BB5C-C3808530CD7C}.Debug|Any CPU.Build.0 = Debug|Any CPU
		{B3912216-3559-4996-BB5C-C3808530CD7C}.Release|Any CPU.ActiveCfg = Release|Any CPU
		{B3912216-3559-4996-BB5C-C3808530CD7C}.Release|Any CPU.Build.0 = Release|Any CPU
		{C4270A4F-AAA8-4961-83BA-4940A3E0422E}.Debug|Any CPU.ActiveCfg = Debug|Any CPU
		{C4270A4F-AAA8-4961-83BA-4940A3E0422E}.Debug|Any CPU.Build.0 = Debug|Any CPU
		{C4270A4F-AAA8-4961-83BA-4940A3E0422E}.Release|Any CPU.ActiveCfg = Release|Any CPU
		{C4270A4F-AAA8-4961-83BA-4940A3E0422E}.Release|Any CPU.Build.0 = Release|Any CPU
	EndGlobalSection
	GlobalSection(SolutionProperties) = preSolution
		HideSolutionNode = FALSE
	EndGlobalSection
	GlobalSection(ExtensibilityGlobals) = postSolution
		SolutionGuid = {A0B866A2-F3D3-4BDF-85AF-D5377A80B875}
	EndGlobalSection
EndGlobal
